
Microsoft Visual Studio Solution File, Format Version 12.00
# Visual Studio Version 16
VisualStudioVersion = 16.0.29926.136
MinimumVisualStudioVersion = 10.0.40219.1
Project("{FAE04EC0-301F-11D3-BF4B-00C04F79EFBC}") = "WhatsAppClient", "WhatsAppClient\WhatsAppClient.csproj", "{A934487C-C5F7-42C3-BD3B-2E37DB3D63D4}"
EndProject
Global
	GlobalSection(SolutionConfigurationPlatforms) = preSolution
		Debug|Any CPU = Debug|Any CPU
		Release|Any CPU = Release|Any CPU
	EndGlobalSection
	GlobalSection(ProjectConfigurationPlatforms) = postSolution
		{A934487C-C5F7-42C3-BD3B-2E37DB3D63D4}.Debug|Any CPU.ActiveCfg = Debug|Any CPU
		{A934487C-C5F7-42C3-BD3B-2E37DB3D63D4}.Debug|Any CPU.Build.0 = Debug|Any CPU
		{A934487C-C5F7-42C3-BD3B-2E37DB3D63D4}.Release|Any CPU.ActiveCfg = Release|Any CPU
		{A934487C-C5F7-42C3-BD3B-2E37DB3D63D4}.Release|Any CPU.Build.0 = Release|Any CPU
	EndGlobalSection
	GlobalSection(SolutionProperties) = preSolution
		HideSolutionNode = FALSE
	EndGlobalSection
	GlobalSection(ExtensibilityGlobals) = postSolution
		SolutionGuid = {673349A6-6801-478E-83C8-54CF0D9C1D8D}
	EndGlobalSection
EndGlobal
